<?xml version="1.0" encoding="UTF-8"?>
<Project ToolsVersion="14.0" xmlns="http://schemas.microsoft.com/developer/msbuild/2003">
  <ItemGroup>
    <ClCompile Include="C:\Users\Phillip.Goellner\Documents\Sync\Backup\Cpp\boolean_algebra\src\And.cpp">
      <Filter>Source Files</Filter>
    </ClCompile>
    <ClCompile Include="C:\Users\Phillip.Goellner\Documents\Sync\Backup\Cpp\boolean_algebra\src\Not.cpp">
      <Filter>Source Files</Filter>
    </ClCompile>
    <ClCompile Include="C:\Users\Phillip.Goellner\Documents\Sync\Backup\Cpp\boolean_algebra\src\Or.cpp">
      <Filter>Source Files</Filter>
    </ClCompile>
    <ClCompile Include="C:\Users\Phillip.Goellner\Documents\Sync\Backup\Cpp\boolean_algebra\src\Parse_bool.cpp">
      <Filter>Source Files</Filter>
    </ClCompile>
    <ClCompile Include="C:\Users\Phillip.Goellner\Documents\Sync\Backup\Cpp\boolean_algebra\src\Term_Object.cpp">
      <Filter>Source Files</Filter>
    </ClCompile>
    <ClCompile Include="C:\Users\Phillip.Goellner\Documents\Sync\Backup\Cpp\boolean_algebra\src\Variable.cpp">
      <Filter>Source Files</Filter>
    </ClCompile>
    <ClCompile Include="C:\Users\Phillip.Goellner\Documents\Sync\Backup\Cpp\boolean_algebra\src\main.cpp">
      <Filter>Source Files</Filter>
    </ClCompile>
  </ItemGroup>
  <ItemGroup>
    <ClInclude Include="C:\Users\Phillip.Goellner\Documents\Sync\Backup\Cpp\boolean_algebra\include\And.h">
      <Filter>Header Files</Filter>
    </ClInclude>
    <ClInclude Include="C:\Users\Phillip.Goellner\Documents\Sync\Backup\Cpp\boolean_algebra\include\Not.h">
      <Filter>Header Files</Filter>
    </ClInclude>
    <ClInclude Include="C:\Users\Phillip.Goellner\Documents\Sync\Backup\Cpp\boolean_algebra\include\Or.h">
      <Filter>Header Files</Filter>
    </ClInclude>
    <ClInclude Include="C:\Users\Phillip.Goellner\Documents\Sync\Backup\Cpp\boolean_algebra\include\Parse_bool.h">
      <Filter>Header Files</Filter>
    </ClInclude>
    <ClInclude Include="C:\Users\Phillip.Goellner\Documents\Sync\Backup\Cpp\boolean_algebra\include\Term_Object.h">
      <Filter>Header Files</Filter>
    </ClInclude>
    <ClInclude Include="C:\Users\Phillip.Goellner\Documents\Sync\Backup\Cpp\boolean_algebra\include\Variable.h">
      <Filter>Header Files</Filter>
    </ClInclude>
    <ClInclude Include="C:\Users\Phillip.Goellner\Documents\Sync\Backup\Cpp\boolean_algebra\include\main.h">
      <Filter>Header Files</Filter>
    </ClInclude>
  </ItemGroup>
  <ItemGroup>
    <CustomBuild Include="C:\Users\Phillip.Goellner\Documents\Sync\Backup\Cpp\boolean_algebra\CMakeLists.txt" />
  </ItemGroup>
  <ItemGroup>
    <Filter Include="Source Files">
      <UniqueIdentifier>{6ED31882-7CEA-3A96-BFEF-15AC93C5ACD7}</UniqueIdentifier>
    </Filter>
    <Filter Include="Header Files">
      <UniqueIdentifier>{DDD76F69-0675-3A53-85FD-9EA727358347}</UniqueIdentifier>
    </Filter>
  </ItemGroup>
</Project>
