Microsoft Visual Studio Solution File, Format Version 12.00
# Visual Studio 15
Project("{8BC9CEB8-8B4A-11D0-8D11-00A0C91BC942}") = "ALL_BUILD", "ALL_BUILD.vcxproj", "{7D8E10A2-929C-38EE-BC97-1125A7951D4D}"
	ProjectSection(ProjectDependencies) = postProject
		{344E7D2B-BA36-39C1-90BF-CC2C4469B01B} = {344E7D2B-BA36-39C1-90BF-CC2C4469B01B}
		{F77ACBD4-E9CE-3759-AAA9-95E32A06A65C} = {F77ACBD4-E9CE-3759-AAA9-95E32A06A65C}
	EndProjectSection
EndProject
Project("{8BC9CEB8-8B4A-11D0-8D11-00A0C91BC942}") = "ZERO_CHECK", "ZERO_CHECK.vcxproj", "{344E7D2B-BA36-39C1-90BF-CC2C4469B01B}"
	ProjectSection(ProjectDependencies) = postProject
	EndProjectSection
EndProject
Project("{8BC9CEB8-8B4A-11D0-8D11-00A0C91BC942}") = "boolean_algebra_new", "boolean_algebra_new.vcxproj", "{F77ACBD4-E9CE-3759-AAA9-95E32A06A65C}"
	ProjectSection(ProjectDependencies) = postProject
		{344E7D2B-BA36-39C1-90BF-CC2C4469B01B} = {344E7D2B-BA36-39C1-90BF-CC2C4469B01B}
	EndProjectSection
EndProject
Global
	GlobalSection(SolutionConfigurationPlatforms) = preSolution
		Debug|Win32 = Debug|Win32
		Release|Win32 = Release|Win32
		MinSizeRel|Win32 = MinSizeRel|Win32
		RelWithDebInfo|Win32 = RelWithDebInfo|Win32
	EndGlobalSection
	GlobalSection(ProjectConfigurationPlatforms) = postSolution
		{7D8E10A2-929C-38EE-BC97-1125A7951D4D}.Debug|Win32.ActiveCfg = Debug|Win32
		{7D8E10A2-929C-38EE-BC97-1125A7951D4D}.Release|Win32.ActiveCfg = Release|Win32
		{7D8E10A2-929C-38EE-BC97-1125A7951D4D}.MinSizeRel|Win32.ActiveCfg = MinSizeRel|Win32
		{7D8E10A2-929C-38EE-BC97-1125A7951D4D}.RelWithDebInfo|Win32.ActiveCfg = RelWithDebInfo|Win32
		{344E7D2B-BA36-39C1-90BF-CC2C4469B01B}.Debug|Win32.ActiveCfg = Debug|Win32
		{344E7D2B-BA36-39C1-90BF-CC2C4469B01B}.Debug|Win32.Build.0 = Debug|Win32
		{344E7D2B-BA36-39C1-90BF-CC2C4469B01B}.Release|Win32.ActiveCfg = Release|Win32
		{344E7D2B-BA36-39C1-90BF-CC2C4469B01B}.Release|Win32.Build.0 = Release|Win32
		{344E7D2B-BA36-39C1-90BF-CC2C4469B01B}.MinSizeRel|Win32.ActiveCfg = MinSizeRel|Win32
		{344E7D2B-BA36-39C1-90BF-CC2C4469B01B}.MinSizeRel|Win32.Build.0 = MinSizeRel|Win32
		{344E7D2B-BA36-39C1-90BF-CC2C4469B01B}.RelWithDebInfo|Win32.ActiveCfg = RelWithDebInfo|Win32
		{344E7D2B-BA36-39C1-90BF-CC2C4469B01B}.RelWithDebInfo|Win32.Build.0 = RelWithDebInfo|Win32
		{F77ACBD4-E9CE-3759-AAA9-95E32A06A65C}.Debug|Win32.ActiveCfg = Debug|Win32
		{F77ACBD4-E9CE-3759-AAA9-95E32A06A65C}.Debug|Win32.Build.0 = Debug|Win32
		{F77ACBD4-E9CE-3759-AAA9-95E32A06A65C}.Release|Win32.ActiveCfg = Release|Win32
		{F77ACBD4-E9CE-3759-AAA9-95E32A06A65C}.Release|Win32.Build.0 = Release|Win32
		{F77ACBD4-E9CE-3759-AAA9-95E32A06A65C}.MinSizeRel|Win32.ActiveCfg = MinSizeRel|Win32
		{F77ACBD4-E9CE-3759-AAA9-95E32A06A65C}.MinSizeRel|Win32.Build.0 = MinSizeRel|Win32
		{F77ACBD4-E9CE-3759-AAA9-95E32A06A65C}.RelWithDebInfo|Win32.ActiveCfg = RelWithDebInfo|Win32
		{F77ACBD4-E9CE-3759-AAA9-95E32A06A65C}.RelWithDebInfo|Win32.Build.0 = RelWithDebInfo|Win32
	EndGlobalSection
	GlobalSection(ExtensibilityGlobals) = postSolution
	EndGlobalSection
	GlobalSection(ExtensibilityAddIns) = postSolution
	EndGlobalSection
EndGlobal
